// !$*UTF8*$!
{
	archiveVersion = 1;
	classes = {
	};
	objectVersion = 46;
	objects = {

/* Begin PBXBuildFile section */
		03E5603C181753F600915628 /* Foundation.framework in Frameworks */ = {isa = PBXBuildFile; fileRef = 03E5603B181753F600915628 /* Foundation.framework */; };
		03E5603E181753F600915628 /* CoreGraphics.framework in Frameworks */ = {isa = PBXBuildFile; fileRef = 03E5603D181753F600915628 /* CoreGraphics.framework */; };
		03E56040181753F600915628 /* UIKit.framework in Frameworks */ = {isa = PBXBuildFile; fileRef = 03E5603F181753F600915628 /* UIKit.framework */; };
		03E56046181753F600915628 /* InfoPlist.strings in Resources */ = {isa = PBXBuildFile; fileRef = 03E56044181753F600915628 /* InfoPlist.strings */; };
		03E56048181753F600915628 /* main.m in Sources */ = {isa = PBXBuildFile; fileRef = 03E56047181753F600915628 /* main.m */; };
		03E5604C181753F600915628 /* AppDelegate.m in Sources */ = {isa = PBXBuildFile; fileRef = 03E5604B181753F600915628 /* AppDelegate.m */; };
		03E5604F181753F600915628 /* Main.storyboard in Resources */ = {isa = PBXBuildFile; fileRef = 03E5604D181753F600915628 /* Main.storyboard */; };
		03E56052181753F600915628 /* ViewController.m in Sources */ = {isa = PBXBuildFile; fileRef = 03E56051181753F600915628 /* ViewController.m */; };
		03E56054181753F600915628 /* Images.xcassets in Resources */ = {isa = PBXBuildFile; fileRef = 03E56053181753F600915628 /* Images.xcassets */; };
		03E5605B181753F600915628 /* XCTest.framework in Frameworks */ = {isa = PBXBuildFile; fileRef = 03E5605A181753F600915628 /* XCTest.framework */; };
		03E5605C181753F600915628 /* Foundation.framework in Frameworks */ = {isa = PBXBuildFile; fileRef = 03E5603B181753F600915628 /* Foundation.framework */; };
		03E5605D181753F600915628 /* UIKit.framework in Frameworks */ = {isa = PBXBuildFile; fileRef = 03E5603F181753F600915628 /* UIKit.framework */; };
		03E56065181753F600915628 /* InfoPlist.strings in Resources */ = {isa = PBXBuildFile; fileRef = 03E56063181753F600915628 /* InfoPlist.strings */; };
		03E56067181753F600915628 /* MVC_PostsTests.m in Sources */ = {isa = PBXBuildFile; fileRef = 03E56066181753F600915628 /* MVC_PostsTests.m */; };
/* End PBXBuildFile section */

/* Begin PBXContainerItemProxy section */
		03E5605E181753F600915628 /* PBXContainerItemProxy */ = {
			isa = PBXContainerItemProxy;
			containerPortal = 03E56030181753F600915628 /* Project object */;
			proxyType = 1;
			remoteGlobalIDString = 03E56037181753F600915628;
			remoteInfo = "MVC Posts";
		};
/* End PBXContainerItemProxy section */

/* Begin PBXFileReference section */
		03E56038181753F600915628 /* MVC Posts.app */ = {isa = PBXFileReference; explicitFileType = wrapper.application; includeInIndex = 0; path = "MVC Posts.app"; sourceTree = BUILT_PRODUCTS_DIR; };
		03E5603B181753F600915628 /* Foundation.framework */ = {isa = PBXFileReference; lastKnownFileType = wrapper.framework; name = Foundation.framework; path = System/Library/Frameworks/Foundation.framework; sourceTree = SDKROOT; };
		03E5603D181753F600915628 /* CoreGraphics.framework */ = {isa = PBXFileReference; lastKnownFileType = wrapper.framework; name = CoreGraphics.framework; path = System/Library/Frameworks/CoreGraphics.framework; sourceTree = SDKROOT; };
		03E5603F181753F600915628 /* UIKit.framework */ = {isa = PBXFileReference; lastKnownFileType = wrapper.framework; name = UIKit.framework; path = System/Library/Frameworks/UIKit.framework; sourceTree = SDKROOT; };
		03E56043181753F600915628 /* MVC Posts-Info.plist */ = {isa = PBXFileReference; lastKnownFileType = text.plist.xml; path = "MVC Posts-Info.plist"; sourceTree = "<group>"; };
		03E56045181753F600915628 /* en */ = {isa = PBXFileReference; lastKnownFileType = text.plist.strings; name = en; path = en.lproj/InfoPlist.strings; sourceTree = "<group>"; };
		03E56047181753F600915628 /* main.m */ = {isa = PBXFileReference; lastKnownFileType = sourcecode.c.objc; path = main.m; sourceTree = "<group>"; };
		03E56049181753F600915628 /* MVC Posts-Prefix.pch */ = {isa = PBXFileReference; lastKnownFileType = sourcecode.c.h; path = "MVC Posts-Prefix.pch"; sourceTree = "<group>"; };
		03E5604A181753F600915628 /* AppDelegate.h */ = {isa = PBXFileReference; lastKnownFileType = sourcecode.c.h; path = AppDelegate.h; sourceTree = "<group>"; };
		03E5604B181753F600915628 /* AppDelegate.m */ = {isa = PBXFileReference; lastKnownFileType = sourcecode.c.objc; path = AppDelegate.m; sourceTree = "<group>"; };
		03E5604E181753F600915628 /* Base */ = {isa = PBXFileReference; lastKnownFileType = file.storyboard; name = Base; path = Base.lproj/Main.storyboard; sourceTree = "<group>"; };
		03E56050181753F600915628 /* ViewController.h */ = {isa = PBXFileReference; lastKnownFileType = sourcecode.c.h; path = ViewController.h; sourceTree = "<group>"; };
		03E56051181753F600915628 /* ViewController.m */ = {isa = PBXFileReference; lastKnownFileType = sourcecode.c.objc; path = ViewController.m; sourceTree = "<group>"; };
		03E56053181753F600915628 /* Images.xcassets */ = {isa = PBXFileReference; lastKnownFileType = folder.assetcatalog; path = Images.xcassets; sourceTree = "<group>"; };
		03E56059181753F600915628 /* MVC PostsTests.xctest */ = {isa = PBXFileReference; explicitFileType = wrapper.cfbundle; includeInIndex = 0; path = "MVC PostsTests.xctest"; sourceTree = BUILT_PRODUCTS_DIR; };
		03E5605A181753F600915628 /* XCTest.framework */ = {isa = PBXFileReference; lastKnownFileType = wrapper.framework; name = XCTest.framework; path = Library/Frameworks/XCTest.framework; sourceTree = DEVELOPER_DIR; };
		03E56062181753F600915628 /* MVC PostsTests-Info.plist */ = {isa = PBXFileReference; lastKnownFileType = text.plist.xml; path = "MVC PostsTests-Info.plist"; sourceTree = "<group>"; };
		03E56064181753F600915628 /* en */ = {isa = PBXFileReference; lastKnownFileType = text.plist.strings; name = en; path = en.lproj/InfoPlist.strings; sourceTree = "<group>"; };
		03E56066181753F600915628 /* MVC_PostsTests.m */ = {isa = PBXFileReference; lastKnownFileType = sourcecode.c.objc; path = MVC_PostsTests.m; sourceTree = "<group>"; };
/* End PBXFileReference section */

/* Begin PBXFrameworksBuildPhase section */
		03E56035181753F600915628 /* Frameworks */ = {
			isa = PBXFrameworksBuildPhase;
			buildActionMask = 2147483647;
			files = (
				03E5603E181753F600915628 /* CoreGraphics.framework in Frameworks */,
				03E56040181753F600915628 /* UIKit.framework in Frameworks */,
				03E5603C181753F600915628 /* Foundation.framework in Frameworks */,
			);
			runOnlyForDeploymentPostprocessing = 0;
		};
		03E56056181753F600915628 /* Frameworks */ = {
			isa = PBXFrameworksBuildPhase;
			buildActionMask = 2147483647;
			files = (
				03E5605B181753F600915628 /* XCTest.framework in Frameworks */,
				03E5605D181753F600915628 /* UIKit.framework in Frameworks */,
				03E5605C181753F600915628 /* Foundation.framework in Frameworks */,
			);
			runOnlyForDeploymentPostprocessing = 0;
		};
/* End PBXFrameworksBuildPhase section */

/* Begin PBXGroup section */
		03E5602F181753F600915628 = {
			isa = PBXGroup;
			children = (
				03E56041181753F600915628 /* MVC Posts */,
				03E56060181753F600915628 /* MVC PostsTests */,
				03E5603A181753F600915628 /* Frameworks */,
				03E56039181753F600915628 /* Products */,
			);
			sourceTree = "<group>";
		};
		03E56039181753F600915628 /* Products */ = {
			isa = PBXGroup;
			children = (
				03E56038181753F600915628 /* MVC Posts.app */,
				03E56059181753F600915628 /* MVC PostsTests.xctest */,
			);
			name = Products;
			sourceTree = "<group>";
		};
		03E5603A181753F600915628 /* Frameworks */ = {
			isa = PBXGroup;
			children = (
				03E5603B181753F600915628 /* Foundation.framework */,
				03E5603D181753F600915628 /* CoreGraphics.framework */,
				03E5603F181753F600915628 /* UIKit.framework */,
				03E5605A181753F600915628 /* XCTest.framework */,
			);
			name = Frameworks;
			sourceTree = "<group>";
		};
		03E56041181753F600915628 /* MVC Posts */ = {
			isa = PBXGroup;
			children = (
				03E5604A181753F600915628 /* AppDelegate.h */,
				03E5604B181753F600915628 /* AppDelegate.m */,
				03E5604D181753F600915628 /* Main.storyboard */,
				03E56050181753F600915628 /* ViewController.h */,
				03E56051181753F600915628 /* ViewController.m */,
				03E56053181753F600915628 /* Images.xcassets */,
				03E56042181753F600915628 /* Supporting Files */,
			);
			path = "MVC Posts";
			sourceTree = "<group>";
		};
		03E56042181753F600915628 /* Supporting Files */ = {
			isa = PBXGroup;
			children = (
				03E56043181753F600915628 /* MVC Posts-Info.plist */,
				03E56044181753F600915628 /* InfoPlist.strings */,
				03E56047181753F600915628 /* main.m */,
				03E56049181753F600915628 /* MVC Posts-Prefix.pch */,
			);
			name = "Supporting Files";
			sourceTree = "<group>";
		};
		03E56060181753F600915628 /* MVC PostsTests */ = {
			isa = PBXGroup;
			children = (
				03E56066181753F600915628 /* MVC_PostsTests.m */,
				03E56061181753F600915628 /* Supporting Files */,
			);
			path = "MVC PostsTests";
			sourceTree = "<group>";
		};
		03E56061181753F600915628 /* Supporting Files */ = {
			isa = PBXGroup;
			children = (
				03E56062181753F600915628 /* MVC PostsTests-Info.plist */,
				03E56063181753F600915628 /* InfoPlist.strings */,
			);
			name = "Supporting Files";
			sourceTree = "<group>";
		};
/* End PBXGroup section */

/* Begin PBXNativeTarget section */
		03E56037181753F600915628 /* MVC Posts */ = {
			isa = PBXNativeTarget;
			buildConfigurationList = 03E5606A181753F600915628 /* Build configuration list for PBXNativeTarget "MVC Posts" */;
			buildPhases = (
				03E56034181753F600915628 /* Sources */,
				03E56035181753F600915628 /* Frameworks */,
				03E56036181753F600915628 /* Resources */,
			);
			buildRules = (
			);
			dependencies = (
			);
			name = "MVC Posts";
			productName = "MVC Posts";
			productReference = 03E56038181753F600915628 /* MVC Posts.app */;
			productType = "com.apple.product-type.application";
		};
		03E56058181753F600915628 /* MVC PostsTests */ = {
			isa = PBXNativeTarget;
			buildConfigurationList = 03E5606D181753F600915628 /* Build configuration list for PBXNativeTarget "MVC PostsTests" */;
			buildPhases = (
				03E56055181753F600915628 /* Sources */,
				03E56056181753F600915628 /* Frameworks */,
				03E56057181753F600915628 /* Resources */,
			);
			buildRules = (
			);
			dependencies = (
				03E5605F181753F600915628 /* PBXTargetDependency */,
			);
			name = "MVC PostsTests";
			productName = "MVC PostsTests";
			productReference = 03E56059181753F600915628 /* MVC PostsTests.xctest */;
			productType = "com.apple.product-type.bundle.unit-test";
		};
/* End PBXNativeTarget section */

/* Begin PBXProject section */
		03E56030181753F600915628 /* Project object */ = {
			isa = PBXProject;
			attributes = {
				LastUpgradeCheck = 0500;
				ORGANIZATIONNAME = "Erika Martinez";
				TargetAttributes = {
					03E56058181753F600915628 = {
						TestTargetID = 03E56037181753F600915628;
					};
				};
			};
			buildConfigurationList = 03E56033181753F600915628 /* Build configuration list for PBXProject "MVC Posts" */;
			compatibilityVersion = "Xcode 3.2";
			developmentRegion = English;
			hasScannedForEncodings = 0;
			knownRegions = (
				en,
				Base,
			);
			mainGroup = 03E5602F181753F600915628;
			productRefGroup = 03E56039181753F600915628 /* Products */;
			projectDirPath = "";
			projectRoot = "";
			targets = (
				03E56037181753F600915628 /* MVC Posts */,
				03E56058181753F600915628 /* MVC PostsTests */,
			);
		};
/* End PBXProject section */

/* Begin PBXResourcesBuildPhase section */
		03E56036181753F600915628 /* Resources */ = {
			isa = PBXResourcesBuildPhase;
			buildActionMask = 2147483647;
			files = (
				03E56054181753F600915628 /* Images.xcassets in Resources */,
				03E56046181753F600915628 /* InfoPlist.strings in Resources */,
				03E5604F181753F600915628 /* Main.storyboard in Resources */,
			);
			runOnlyForDeploymentPostprocessing = 0;
		};
		03E56057181753F600915628 /* Resources */ = {
			isa = PBXResourcesBuildPhase;
			buildActionMask = 2147483647;
			files = (
				03E56065181753F600915628 /* InfoPlist.strings in Resources */,
			);
			runOnlyForDeploymentPostprocessing = 0;
		};
/* End PBXResourcesBuildPhase section */

/* Begin PBXSourcesBuildPhase section */
		03E56034181753F600915628 /* Sources */ = {
			isa = PBXSourcesBuildPhase;
			buildActionMask = 2147483647;
			files = (
				03E56052181753F600915628 /* ViewController.m in Sources */,
				03E5604C181753F600915628 /* AppDelegate.m in Sources */,
				03E56048181753F600915628 /* main.m in Sources */,
			);
			runOnlyForDeploymentPostprocessing = 0;
		};
		03E56055181753F600915628 /* Sources */ = {
			isa = PBXSourcesBuildPhase;
			buildActionMask = 2147483647;
			files = (
				03E56067181753F600915628 /* MVC_PostsTests.m in Sources */,
			);
			runOnlyForDeploymentPostprocessing = 0;
		};
/* End PBXSourcesBuildPhase section */

/* Begin PBXTargetDependency section */
		03E5605F181753F600915628 /* PBXTargetDependency */ = {
			isa = PBXTargetDependency;
			target = 03E56037181753F600915628 /* MVC Posts */;
			targetProxy = 03E5605E181753F600915628 /* PBXContainerItemProxy */;
		};
/* End PBXTargetDependency section */

/* Begin PBXVariantGroup section */
		03E56044181753F600915628 /* InfoPlist.strings */ = {
			isa = PBXVariantGroup;
			children = (
				03E56045181753F600915628 /* en */,
			);
			name = InfoPlist.strings;
			sourceTree = "<group>";
		};
		03E5604D181753F600915628 /* Main.storyboard */ = {
			isa = PBXVariantGroup;
			children = (
				03E5604E181753F600915628 /* Base */,
			);
			name = Main.storyboard;
			sourceTree = "<group>";
		};
		03E56063181753F600915628 /* InfoPlist.strings */ = {
			isa = PBXVariantGroup;
			children = (
				03E56064181753F600915628 /* en */,
			);
			name = InfoPlist.strings;
			sourceTree = "<group>";
		};
/* End PBXVariantGroup section */

/* Begin XCBuildConfiguration section */
		03E56068181753F600915628 /* Debug */ = {
			isa = XCBuildConfiguration;
			buildSettings = {
				ALWAYS_SEARCH_USER_PATHS = NO;
				ARCHS = "$(ARCHS_STANDARD_INCLUDING_64_BIT)";
				CLANG_CXX_LANGUAGE_STANDARD = "gnu++0x";
				CLANG_CXX_LIBRARY = "libc++";
				CLANG_ENABLE_MODULES = YES;
				CLANG_ENABLE_OBJC_ARC = YES;
				CLANG_WARN_BOOL_CONVERSION = YES;
				CLANG_WARN_CONSTANT_CONVERSION = YES;
				CLANG_WARN_DIRECT_OBJC_ISA_USAGE = YES_ERROR;
				CLANG_WARN_EMPTY_BODY = YES;
				CLANG_WARN_ENUM_CONVERSION = YES;
				CLANG_WARN_INT_CONVERSION = YES;
				CLANG_WARN_OBJC_ROOT_CLASS = YES_ERROR;
				CLANG_WARN__DUPLICATE_METHOD_MATCH = YES;
				"CODE_SIGN_IDENTITY[sdk=iphoneos*]" = "iPhone Developer";
				COPY_PHASE_STRIP = NO;
				GCC_C_LANGUAGE_STANDARD = gnu99;
				GCC_DYNAMIC_NO_PIC = NO;
				GCC_OPTIMIZATION_LEVEL = 0;
				GCC_PREPROCESSOR_DEFINITIONS = (
					"DEBUG=1",
					"$(inherited)",
				);
				GCC_SYMBOLS_PRIVATE_EXTERN = NO;
				GCC_WARN_64_TO_32_BIT_CONVERSION = YES;
				GCC_WARN_ABOUT_RETURN_TYPE = YES_ERROR;
				GCC_WARN_UNDECLARED_SELECTOR = YES;
				GCC_WARN_UNINITIALIZED_AUTOS = YES;
				GCC_WARN_UNUSED_FUNCTION = YES;
				GCC_WARN_UNUSED_VARIABLE = YES;
				IPHONEOS_DEPLOYMENT_TARGET = 7.0;
				ONLY_ACTIVE_ARCH = YES;
				SDKROOT = iphoneos;
			};
			name = Debug;
		};
		03E56069181753F600915628 /* Release */ = {
			isa = XCBuildConfiguration;
			buildSettings = {
				ALWAYS_SEARCH_USER_PATHS = NO;
				ARCHS = "$(ARCHS_STANDARD_INCLUDING_64_BIT)";
				CLANG_CXX_LANGUAGE_STANDARD = "gnu++0x";
				CLANG_CXX_LIBRARY = "libc++";
				CLANG_ENABLE_MODULES = YES;
				CLANG_ENABLE_OBJC_ARC = YES;
				CLANG_WARN_BOOL_CONVERSION = YES;
				CLANG_WARN_CONSTANT_CONVERSION = YES;
				CLANG_WARN_DIRECT_OBJC_ISA_USAGE = YES_ERROR;
				CLANG_WARN_EMPTY_BODY = YES;
				CLANG_WARN_ENUM_CONVERSION = YES;
				CLANG_WARN_INT_CONVERSION = YES;
				CLANG_WARN_OBJC_ROOT_CLASS = YES_ERROR;
				CLANG_WARN__DUPLICATE_METHOD_MATCH = YES;
				"CODE_SIGN_IDENTITY[sdk=iphoneos*]" = "iPhone Developer";
				COPY_PHASE_STRIP = YES;
				ENABLE_NS_ASSERTIONS = NO;
				GCC_C_LANGUAGE_STANDARD = gnu99;
				GCC_WARN_64_TO_32_BIT_CONVERSION = YES;
				GCC_WARN_ABOUT_RETURN_TYPE = YES_ERROR;
				GCC_WARN_UNDECLARED_SELECTOR = YES;
				GCC_WARN_UNINITIALIZED_AUTOS = YES;
				GCC_WARN_UNUSED_FUNCTION = YES;
				GCC_WARN_UNUSED_VARIABLE = YES;
				IPHONEOS_DEPLOYMENT_TARGET = 7.0;
				SDKROOT = iphoneos;
				VALIDATE_PRODUCT = YES;
			};
			name = Release;
		};
		03E5606B181753F600915628 /* Debug */ = {
			isa = XCBuildConfiguration;
			buildSettings = {
				ASSETCATALOG_COMPILER_APPICON_NAME = AppIcon;
				ASSETCATALOG_COMPILER_LAUNCHIMAGE_NAME = LaunchImage;
				GCC_PRECOMPILE_PREFIX_HEADER = YES;
				GCC_PREFIX_HEADER = "MVC Posts/MVC Posts-Prefix.pch";
				INFOPLIST_FILE = "MVC Posts/MVC Posts-Info.plist";
				PRODUCT_NAME = "$(TARGET_NAME)";
				WRAPPER_EXTENSION = app;
			};
			name = Debug;
		};
		03E5606C181753F600915628 /* Release */ = {
			isa = XCBuildConfiguration;
			buildSettings = {
				ASSETCATALOG_COMPILER_APPICON_NAME = AppIcon;
				ASSETCATALOG_COMPILER_LAUNCHIMAGE_NAME = LaunchImage;
				GCC_PRECOMPILE_PREFIX_HEADER = YES;
				GCC_PREFIX_HEADER = "MVC Posts/MVC Posts-Prefix.pch";
				INFOPLIST_FILE = "MVC Posts/MVC Posts-Info.plist";
				PRODUCT_NAME = "$(TARGET_NAME)";
				WRAPPER_EXTENSION = app;
			};
			name = Release;
		};
		03E5606E181753F600915628 /* Debug */ = {
			isa = XCBuildConfiguration;
			buildSettings = {
				ARCHS = "$(ARCHS_STANDARD_INCLUDING_64_BIT)";
				BUNDLE_LOADER = "$(BUILT_PRODUCTS_DIR)/MVC Posts.app/MVC Posts";
				FRAMEWORK_SEARCH_PATHS = (
					"$(SDKROOT)/Developer/Library/Frameworks",
					"$(inherited)",
					"$(DEVELOPER_FRAMEWORKS_DIR)",
				);
				GCC_PRECOMPILE_PREFIX_HEADER = YES;
				GCC_PREFIX_HEADER = "MVC Posts/MVC Posts-Prefix.pch";
				GCC_PREPROCESSOR_DEFINITIONS = (
					"DEBUG=1",
					"$(inherited)",
				);
				INFOPLIST_FILE = "MVC PostsTests/MVC PostsTests-Info.plist";
				PRODUCT_NAME = "$(TARGET_NAME)";
				TEST_HOST = "$(BUNDLE_LOADER)";
				WRAPPER_EXTENSION = xctest;
			};
			name = Debug;
		};
		03E5606F181753F600915628 /* Release */ = {
			isa = XCBuildConfiguration;
			buildSettings = {
				ARCHS = "$(ARCHS_STANDARD_INCLUDING_64_BIT)";
				BUNDLE_LOADER = "$(BUILT_PRODUCTS_DIR)/MVC Posts.app/MVC Posts";
				FRAMEWORK_SEARCH_PATHS = (
					"$(SDKROOT)/Developer/Library/Frameworks",
					"$(inherited)",
					"$(DEVELOPER_FRAMEWORKS_DIR)",
				);
				GCC_PRECOMPILE_PREFIX_HEADER = YES;
				GCC_PREFIX_HEADER = "MVC Posts/MVC Posts-Prefix.pch";
				INFOPLIST_FILE = "MVC PostsTests/MVC PostsTests-Info.plist";
				PRODUCT_NAME = "$(TARGET_NAME)";
				TEST_HOST = "$(BUNDLE_LOADER)";
				WRAPPER_EXTENSION = xctest;
			};
			name = Release;
		};
/* End XCBuildConfiguration section */

/* Begin XCConfigurationList section */
		03E56033181753F600915628 /* Build configuration list for PBXProject "MVC Posts" */ = {
			isa = XCConfigurationList;
			buildConfigurations = (
				03E56068181753F600915628 /* Debug */,
				03E56069181753F600915628 /* Release */,
			);
			defaultConfigurationIsVisible = 0;
			defaultConfigurationName = Release;
		};
		03E5606A181753F600915628 /* Build configuration list for PBXNativeTarget "MVC Posts" */ = {
			isa = XCConfigurationList;
			buildConfigurations = (
				03E5606B181753F600915628 /* Debug */,
				03E5606C181753F600915628 /* Release */,
			);
			defaultConfigurationIsVisible = 0;
		};
		03E5606D181753F600915628 /* Build configuration list for PBXNativeTarget "MVC PostsTests" */ = {
			isa = XCConfigurationList;
			buildConfigurations = (
				03E5606E181753F600915628 /* Debug */,
				03E5606F181753F600915628 /* Release */,
			);
			defaultConfigurationIsVisible = 0;
		};
/* End XCConfigurationList section */
	};
	rootObject = 03E56030181753F600915628 /* Project object */;
}
